
Microsoft Visual Studio Solution File, Format Version 12.00
# Visual Studio Version 17
VisualStudioVersion = 17.9.34728.123
MinimumVisualStudioVersion = 10.0.40219.1
Project("{FAE04EC0-301F-11D3-BF4B-00C04F79EFBC}") = "ClearMeasureFizzBuzz", "ClearMeasureFizzBuzz.csproj", "{3ED0BD9E-DE0D-4622-85FF-67B4A064EA10}"
	ProjectSection(ProjectDependencies) = postProject
		{760B1B70-7AB2-43B7-9EFF-D164F40B6696} = {760B1B70-7AB2-43B7-9EFF-D164F40B6696}
	EndProjectSection
EndProject
Project("{FAE04EC0-301F-11D3-BF4B-00C04F79EFBC}") = "FizzBuzzCore", "..\FizzBuzzCore\FizzBuzzCore.csproj", "{760B1B70-7AB2-43B7-9EFF-D164F40B6696}"
EndProject
Project("{FAE04EC0-301F-11D3-BF4B-00C04F79EFBC}") = "FizzBuzzUnitTest", "..\FizzBuzzUnitTest\FizzBuzzUnitTest.csproj", "{A66F2616-E949-4F6D-85B9-D9FADEBEEA19}"
	ProjectSection(ProjectDependencies) = postProject
		{760B1B70-7AB2-43B7-9EFF-D164F40B6696} = {760B1B70-7AB2-43B7-9EFF-D164F40B6696}
	EndProjectSection
EndProject
Global
	GlobalSection(SolutionConfigurationPlatforms) = preSolution
		Debug|Any CPU = Debug|Any CPU
		Release|Any CPU = Release|Any CPU
	EndGlobalSection
	GlobalSection(ProjectConfigurationPlatforms) = postSolution
		{3ED0BD9E-DE0D-4622-85FF-67B4A064EA10}.Debug|Any CPU.ActiveCfg = Debug|Any CPU
		{3ED0BD9E-DE0D-4622-85FF-67B4A064EA10}.Debug|Any CPU.Build.0 = Debug|Any CPU
		{3ED0BD9E-DE0D-4622-85FF-67B4A064EA10}.Release|Any CPU.ActiveCfg = Release|Any CPU
		{3ED0BD9E-DE0D-4622-85FF-67B4A064EA10}.Release|Any CPU.Build.0 = Release|Any CPU
		{760B1B70-7AB2-43B7-9EFF-D164F40B6696}.Debug|Any CPU.ActiveCfg = Debug|Any CPU
		{760B1B70-7AB2-43B7-9EFF-D164F40B6696}.Debug|Any CPU.Build.0 = Debug|Any CPU
		{760B1B70-7AB2-43B7-9EFF-D164F40B6696}.Release|Any CPU.ActiveCfg = Release|Any CPU
		{760B1B70-7AB2-43B7-9EFF-D164F40B6696}.Release|Any CPU.Build.0 = Release|Any CPU
		{A66F2616-E949-4F6D-85B9-D9FADEBEEA19}.Debug|Any CPU.ActiveCfg = Debug|Any CPU
		{A66F2616-E949-4F6D-85B9-D9FADEBEEA19}.Debug|Any CPU.Build.0 = Debug|Any CPU
		{A66F2616-E949-4F6D-85B9-D9FADEBEEA19}.Release|Any CPU.ActiveCfg = Release|Any CPU
		{A66F2616-E949-4F6D-85B9-D9FADEBEEA19}.Release|Any CPU.Build.0 = Release|Any CPU
	EndGlobalSection
	GlobalSection(SolutionProperties) = preSolution
		HideSolutionNode = FALSE
	EndGlobalSection
	GlobalSection(ExtensibilityGlobals) = postSolution
		SolutionGuid = {AB38B281-6BDB-41B5-8F93-AA9A55BFBE2B}
	EndGlobalSection
EndGlobal
